
Microsoft Visual Studio Solution File, Format Version 12.00
# Visual Studio Version 16
VisualStudioVersion = 16.0.33214.272
MinimumVisualStudioVersion = 10.0.40219.1
Project("{FAE04EC0-301F-11D3-BF4B-00C04F79EFBC}") = "MovieCollection", "MovieCollection\MovieCollection.csproj", "{86A6C03B-C5CB-4072-8E39-29EEEE9D4FC2}"
EndProject
Global
	GlobalSection(SolutionConfigurationPlatforms) = preSolution
		Debug|Any CPU = Debug|Any CPU
		Release|Any CPU = Release|Any CPU
	EndGlobalSection
	GlobalSection(ProjectConfigurationPlatforms) = postSolution
		{86A6C03B-C5CB-4072-8E39-29EEEE9D4FC2}.Debug|Any CPU.ActiveCfg = Debug|Any CPU
		{86A6C03B-C5CB-4072-8E39-29EEEE9D4FC2}.Debug|Any CPU.Build.0 = Debug|Any CPU
		{86A6C03B-C5CB-4072-8E39-29EEEE9D4FC2}.Release|Any CPU.ActiveCfg = Release|Any CPU
		{86A6C03B-C5CB-4072-8E39-29EEEE9D4FC2}.Release|Any CPU.Build.0 = Release|Any CPU
	EndGlobalSection
	GlobalSection(SolutionProperties) = preSolution
		HideSolutionNode = FALSE
	EndGlobalSection
	GlobalSection(ExtensibilityGlobals) = postSolution
		SolutionGuid = {FE71B695-B09B-4604-B393-28024469C97F}
	EndGlobalSection
EndGlobal
